
Microsoft Visual Studio Solution File, Format Version 12.00
# Visual Studio Version 16
VisualStudioVersion = 16.0.30128.74
MinimumVisualStudioVersion = 10.0.40219.1
Project("{F184B08F-C81C-45F6-A57F-5ABD9991F28F}") = "Chatbot_2020_Tutorial", "Chatbot_2020_Tutorial.vbproj", "{08489345-26CB-442E-8CFB-A31F439E3B2B}"
EndProject
Project("{F184B08F-C81C-45F6-A57F-5ABD9991F28F}") = "SamplePlugin", "SamplePlugin\SamplePlugin.vbproj", "{06547035-4097-49D3-AE77-9FEC47253CEE}"
EndProject
Global
	GlobalSection(SolutionConfigurationPlatforms) = preSolution
		Debug|Any CPU = Debug|Any CPU
		Release|Any CPU = Release|Any CPU
	EndGlobalSection
	GlobalSection(ProjectConfigurationPlatforms) = postSolution
		{08489345-26CB-442E-8CFB-A31F439E3B2B}.Debug|Any CPU.ActiveCfg = Debug|Any CPU
		{08489345-26CB-442E-8CFB-A31F439E3B2B}.Debug|Any CPU.Build.0 = Debug|Any CPU
		{08489345-26CB-442E-8CFB-A31F439E3B2B}.Release|Any CPU.ActiveCfg = Release|Any CPU
		{08489345-26CB-442E-8CFB-A31F439E3B2B}.Release|Any CPU.Build.0 = Release|Any CPU
		{06547035-4097-49D3-AE77-9FEC47253CEE}.Debug|Any CPU.ActiveCfg = Debug|Any CPU
		{06547035-4097-49D3-AE77-9FEC47253CEE}.Debug|Any CPU.Build.0 = Debug|Any CPU
		{06547035-4097-49D3-AE77-9FEC47253CEE}.Release|Any CPU.ActiveCfg = Release|Any CPU
		{06547035-4097-49D3-AE77-9FEC47253CEE}.Release|Any CPU.Build.0 = Release|Any CPU
	EndGlobalSection
	GlobalSection(SolutionProperties) = preSolution
		HideSolutionNode = FALSE
	EndGlobalSection
	GlobalSection(ExtensibilityGlobals) = postSolution
		SolutionGuid = {BA911501-1482-4E51-A871-F2082CC4436C}
	EndGlobalSection
EndGlobal
